
Microsoft Visual Studio Solution File, Format Version 12.00
# Visual Studio 15
VisualStudioVersion = 15.0.26730.8
MinimumVisualStudioVersion = 10.0.40219.1
Project("{FAE04EC0-301F-11D3-BF4B-00C04F79EFBC}") = "CGSS_Stamina_CalcAPI", "CGSS_Stamina_CalcAPI\CGSS_Stamina_CalcAPI.csproj", "{5BF665B2-82CB-4E02-BF63-EDF7A129138F}"
EndProject
Global
	GlobalSection(SolutionConfigurationPlatforms) = preSolution
		Debug|Any CPU = Debug|Any CPU
		Release|Any CPU = Release|Any CPU
	EndGlobalSection
	GlobalSection(ProjectConfigurationPlatforms) = postSolution
		{5BF665B2-82CB-4E02-BF63-EDF7A129138F}.Debug|Any CPU.ActiveCfg = Debug|Any CPU
		{5BF665B2-82CB-4E02-BF63-EDF7A129138F}.Debug|Any CPU.Build.0 = Debug|Any CPU
		{5BF665B2-82CB-4E02-BF63-EDF7A129138F}.Release|Any CPU.ActiveCfg = Release|Any CPU
		{5BF665B2-82CB-4E02-BF63-EDF7A129138F}.Release|Any CPU.Build.0 = Release|Any CPU
	EndGlobalSection
	GlobalSection(SolutionProperties) = preSolution
		HideSolutionNode = FALSE
	EndGlobalSection
	GlobalSection(ExtensibilityGlobals) = postSolution
		SolutionGuid = {08C51FF0-AAAF-4E43-8C1B-6AE0D216CFF3}
	EndGlobalSection
EndGlobal
